
Microsoft Visual Studio Solution File, Format Version 12.00
# Visual Studio Version 17
VisualStudioVersion = 17.0.31903.59
MinimumVisualStudioVersion = 10.0.40219.1
Project("{9A19103F-16F7-4668-BE54-9A1E7A4F7556}") = "Imazen.WebP", "src\Imazen.WebP\Imazen.WebP.csproj", "{92F607A3-2F04-4536-8346-B6FEF8B774FF}"
EndProject
Project("{9A19103F-16F7-4668-BE54-9A1E7A4F7556}") = "Imazen.Test.Webp", "src\Imazen.Test.Webp\Imazen.Test.Webp.csproj", "{6C57E3C1-C04F-4C96-AD90-CDA79AE53574}"
EndProject
Global
	GlobalSection(SolutionConfigurationPlatforms) = preSolution
		Debug|Any CPU = Debug|Any CPU
		Release|Any CPU = Release|Any CPU
	EndGlobalSection
	GlobalSection(ProjectConfigurationPlatforms) = postSolution
		{92F607A3-2F04-4536-8346-B6FEF8B774FF}.Debug|Any CPU.ActiveCfg = Debug|AnyCPU
		{92F607A3-2F04-4536-8346-B6FEF8B774FF}.Debug|Any CPU.Build.0 = Debug|AnyCPU
		{92F607A3-2F04-4536-8346-B6FEF8B774FF}.Release|Any CPU.ActiveCfg = Release|AnyCPU
		{92F607A3-2F04-4536-8346-B6FEF8B774FF}.Release|Any CPU.Build.0 = Release|AnyCPU
		{6C57E3C1-C04F-4C96-AD90-CDA79AE53574}.Debug|Any CPU.ActiveCfg = Debug|AnyCPU
		{6C57E3C1-C04F-4C96-AD90-CDA79AE53574}.Debug|Any CPU.Build.0 = Debug|AnyCPU
		{6C57E3C1-C04F-4C96-AD90-CDA79AE53574}.Release|Any CPU.ActiveCfg = Release|AnyCPU
		{6C57E3C1-C04F-4C96-AD90-CDA79AE53574}.Release|Any CPU.Build.0 = Release|AnyCPU
	EndGlobalSection
	GlobalSection(SolutionProperties) = preSolution
		HideSolutionNode = FALSE
	EndGlobalSection
EndGlobal
